{
  "name": "fervian-website",
  "version": "1.0.0",
  "lockfileVersion": 3,
  "requires": true,
  "packages": {
    "": {
      "name": "fervian-website",
      "version": "1.0.0",
      "license": "MIT",
      "dependencies": {
        "fervian-component-compiler": "^1.0.2"
      }
    },
    "node_modules/fervian-component-compiler": {
      "version": "1.0.2",
      "resolved": "https://registry.npmjs.org/fervian-component-compiler/-/fervian-component-compiler-1.0.2.tgz",
      "integrity": "sha512-NB4+8h2FF12EAfwY70ZoQEgHFY+YqSPUqgoMf8CC09QXPSQCgG0PjAaTUC/a1s4CgB17CIRd86lJk2QAuztOkQ==",
      "license": "MIT"
    }
  }
}
